# This file is autogenerated, do not edit; changes may be undone by the next 'dep ensure'.


[[projects]]
  name = "github.com/alecthomas/chroma"
  packages = [
    ".",
    "formatters",
    "formatters/html",
    "lexers",
    "lexers/a",
    "lexers/b",
    "lexers/c",
    "lexers/d",
    "lexers/e",
    "lexers/f",
    "lexers/g",
    "lexers/h",
    "lexers/i",
    "lexers/internal",
    "lexers/j",
    "lexers/k",
    "lexers/l",
    "lexers/m",
    "lexers/n",
    "lexers/o",
    "lexers/p",
    "lexers/q",
    "lexers/r",
    "lexers/s",
    "lexers/t",
    "lexers/v",
    "lexers/w",
    "lexers/x",
    "lexers/y",
    "quick",
    "styles"
  ]
  revision = "3020e2ea8c6b1a9c2336022d847c4392c3997f02"
  version = "v0.4.0"

[[projects]]
  branch = "master"
  name = "github.com/danwakefield/fnmatch"
  packages = ["."]
  revision = "cbb64ac3d964b81592e64f957ad53df015803288"

[[projects]]
  name = "github.com/dlclark/regexp2"
  packages = [
    ".",
    "syntax"
  ]
  revision = "487489b64fb796de2e55f4e8a4ad1e145f80e957"
  version = "v1.1.6"

[[projects]]
  name = "github.com/exoscale/egoscale"
  packages = ["."]
  revision = "33b63d50a01134ad3a954b7e586b0cfc613cd6de"
  version = "v0.9.19"

[[projects]]
  name = "github.com/go-ini/ini"
  packages = ["."]
  revision = "5e9692864e22d02ac79e2fa499cffb00520b4fea"
  version = "v1.34.0"

[[projects]]
  branch = "master"
  name = "github.com/jinzhu/copier"
  packages = ["."]
  revision = "7e38e58719c33e0d44d585c4ab477a30f8cb82dd"

[[projects]]
  name = "github.com/spf13/pflag"
  packages = ["."]
  revision = "e57e3eeb33f795204c1ca35f56c44f83227c6e66"
  version = "v1.0.0"

[solve-meta]
  analyzer-name = "dep"
  analyzer-version = 1
  inputs-digest = "3e945e63f5f291a9e66104367b583518d71d78fb49f28a2ba1a328a66f38ca0f"
  solver-name = "gps-cdcl"
  solver-version = 1
